
Microsoft Visual Studio Solution File, Format Version 12.00
# Visual Studio Version 16
VisualStudioVersion = 16.0.30104.148
MinimumVisualStudioVersion = 10.0.40219.1
Project("{9A19103F-16F7-4668-BE54-9A1E7A4F7556}") = "TestWebRTC", "TestWebRTC\TestWebRTC.csproj", "{EC9092E4-A126-478C-AFE5-6670F478C92F}"
EndProject
Global
	GlobalSection(SolutionConfigurationPlatforms) = preSolution
		Debug|Any CPU = Debug|Any CPU
		Release|Any CPU = Release|Any CPU
	EndGlobalSection
	GlobalSection(ProjectConfigurationPlatforms) = postSolution
		{EC9092E4-A126-478C-AFE5-6670F478C92F}.Debug|Any CPU.ActiveCfg = Debug|Any CPU
		{EC9092E4-A126-478C-AFE5-6670F478C92F}.Debug|Any CPU.Build.0 = Debug|Any CPU
		{EC9092E4-A126-478C-AFE5-6670F478C92F}.Release|Any CPU.ActiveCfg = Release|Any CPU
		{EC9092E4-A126-478C-AFE5-6670F478C92F}.Release|Any CPU.Build.0 = Release|Any CPU
	EndGlobalSection
	GlobalSection(SolutionProperties) = preSolution
		HideSolutionNode = FALSE
	EndGlobalSection
	GlobalSection(ExtensibilityGlobals) = postSolution
		SolutionGuid = {F0E7E6BA-CC52-4B5B-80FB-2C2466F00D1B}
	EndGlobalSection
EndGlobal
